
Microsoft Visual Studio Solution File, Format Version 12.00
# Visual Studio 15
Project("{FAE04EC0-301F-11D3-BF4B-00C04F79EFBC}") = "Unity.Timeline", "Unity.Timeline.csproj", "{E4382E2D-9076-00F2-77A4-FD03921D7875}"
EndProject
Project("{FAE04EC0-301F-11D3-BF4B-00C04F79EFBC}") = "Unity.Timeline.Editor", "Unity.Timeline.Editor.csproj", "{434A5276-8FF1-5631-8448-4F217EEB0C38}"
EndProject
Project("{FAE04EC0-301F-11D3-BF4B-00C04F79EFBC}") = "Unity.TextMeshPro.Editor", "Unity.TextMeshPro.Editor.csproj", "{753D21A2-A1F1-0AAB-F271-66E8DB25093E}"
EndProject
Project("{FAE04EC0-301F-11D3-BF4B-00C04F79EFBC}") = "Unity.2D.Aseprite.Editor", "Unity.2D.Aseprite.Editor.csproj", "{EFF7B898-DCF9-A6B7-5E9F-9418136181D3}"
EndProject
Project("{FAE04EC0-301F-11D3-BF4B-00C04F79EFBC}") = "Unity.VisualScripting.Flow", "Unity.VisualScripting.Flow.csproj", "{5BF2904C-D010-E5DD-673E-8FA066C35D7C}"
EndProject
Project("{FAE04EC0-301F-11D3-BF4B-00C04F79EFBC}") = "Unity.PlasticSCM.Editor", "Unity.PlasticSCM.Editor.csproj", "{55226564-31E0-F01F-5BF4-09DCACE2C4F5}"
EndProject
Project("{FAE04EC0-301F-11D3-BF4B-00C04F79EFBC}") = "Unity.2D.Psdimporter.Editor", "Unity.2D.Psdimporter.Editor.csproj", "{11AA60AF-938F-9BE4-D33F-CCBC435D16D0}"
EndProject
Project("{FAE04EC0-301F-11D3-BF4B-00C04F79EFBC}") = "Unity.VisualScripting.Core", "Unity.VisualScripting.Core.csproj", "{25663385-1EFB-ACBF-F975-394357E5C9A6}"
EndProject
Project("{FAE04EC0-301F-11D3-BF4B-00C04F79EFBC}") = "Unity.Mathematics", "Unity.Mathematics.csproj", "{A2940E3C-0791-68D2-15C1-3B0F19B5B015}"
EndProject
Project("{FAE04EC0-301F-11D3-BF4B-00C04F79EFBC}") = "Unity.2D.Animation.Editor", "Unity.2D.Animation.Editor.csproj", "{8D99F88B-DF24-8C44-738F-1F8A20B65CAE}"
EndProject
Project("{FAE04EC0-301F-11D3-BF4B-00C04F79EFBC}") = "Unity.2D.Common.Path.Editor", "Unity.2D.Common.Path.Editor.csproj", "{68A86B5A-C553-1FAE-CFC6-B430056A0545}"
EndProject
Project("{FAE04EC0-301F-11D3-BF4B-00C04F79EFBC}") = "Unity.VisualScripting.Core.Editor", "Unity.VisualScripting.Core.Editor.csproj", "{82A6BB10-CC54-F93C-99F8-BC49B5CC524E}"
EndProject
Project("{FAE04EC0-301F-11D3-BF4B-00C04F79EFBC}") = "Unity.2D.IK.Runtime", "Unity.2D.IK.Runtime.csproj", "{03CBE5AD-0377-6BB7-5535-66B2093F0105}"
EndProject
Project("{FAE04EC0-301F-11D3-BF4B-00C04F79EFBC}") = "Unity.VisualScripting.Flow.Editor", "Unity.VisualScripting.Flow.Editor.csproj", "{9334881E-8812-3335-430F-3B26B74A6DB2}"
EndProject
Project("{FAE04EC0-301F-11D3-BF4B-00C04F79EFBC}") = "UnityEditor.TestRunner", "UnityEditor.TestRunner.csproj", "{F66E714B-8FFE-46BE-0B3C-F493D65D9A38}"
EndProject
Project("{FAE04EC0-301F-11D3-BF4B-00C04F79EFBC}") = "Unity.VisualScripting.SettingsProvider.Editor", "Unity.VisualScripting.SettingsProvider.Editor.csproj", "{69DD6C7E-B7C5-5003-F165-6A0F2F432047}"
EndProject
Project("{FAE04EC0-301F-11D3-BF4B-00C04F79EFBC}") = "UnityEngine.TestRunner", "UnityEngine.TestRunner.csproj", "{1CFDFD0F-0B63-3192-F468-C6F41F026911}"
EndProject
Project("{FAE04EC0-301F-11D3-BF4B-00C04F79EFBC}") = "PsdPlugin", "PsdPlugin.csproj", "{70A270C7-C81A-1E8C-40FC-CB52DCB88447}"
EndProject
Project("{FAE04EC0-301F-11D3-BF4B-00C04F79EFBC}") = "Unity.Burst", "Unity.Burst.csproj", "{E3C388B1-B552-0EF8-6BEE-8C80FDE2B568}"
EndProject
Project("{FAE04EC0-301F-11D3-BF4B-00C04F79EFBC}") = "Unity.AI.Navigation.Editor", "Unity.AI.Navigation.Editor.csproj", "{C734F8FE-2E64-9C68-0E2B-C1CE6E26944E}"
EndProject
Project("{FAE04EC0-301F-11D3-BF4B-00C04F79EFBC}") = "Unity.2D.SpriteShape.Editor", "Unity.2D.SpriteShape.Editor.csproj", "{4D4357BF-8AF2-202E-77E6-6E9A50B91CCA}"
EndProject
Project("{FAE04EC0-301F-11D3-BF4B-00C04F79EFBC}") = "Unity.Collections", "Unity.Collections.csproj", "{3C1BC181-9C11-B1B2-BE0C-CF1BB11F71E7}"
EndProject
Project("{FAE04EC0-301F-11D3-BF4B-00C04F79EFBC}") = "Unity.VisualStudio.Editor", "Unity.VisualStudio.Editor.csproj", "{9A751C97-935C-201D-A534-7C4A4233BCE9}"
EndProject
Project("{FAE04EC0-301F-11D3-BF4B-00C04F79EFBC}") = "Unity.2D.Tilemap.Extras.Editor", "Unity.2D.Tilemap.Extras.Editor.csproj", "{E2C07F54-E383-E599-5435-F0EFFCC2C3D1}"
EndProject
Project("{FAE04EC0-301F-11D3-BF4B-00C04F79EFBC}") = "Assembly-CSharp", "Assembly-CSharp.csproj", "{8AE8E7B1-97CF-ED66-2F06-DA09CF32FECC}"
EndProject
Project("{FAE04EC0-301F-11D3-BF4B-00C04F79EFBC}") = "Unity.Rider.Editor", "Unity.Rider.Editor.csproj", "{EC80F163-50D0-C9DF-A7DE-DD9322FA7828}"
EndProject
Project("{FAE04EC0-301F-11D3-BF4B-00C04F79EFBC}") = "Unity.InternalAPIEditorBridge.001", "Unity.InternalAPIEditorBridge.001.csproj", "{B255FE99-1901-2775-BB59-66DDB55568BD}"
EndProject
Project("{FAE04EC0-301F-11D3-BF4B-00C04F79EFBC}") = "Unity.2D.SpriteShape.Runtime", "Unity.2D.SpriteShape.Runtime.csproj", "{D25CF361-10A4-98B7-3668-5E28B01961DE}"
EndProject
Project("{FAE04EC0-301F-11D3-BF4B-00C04F79EFBC}") = "Unity.AI.Navigation", "Unity.AI.Navigation.csproj", "{9C1CF6D3-6E55-8064-B84E-536868EE8D67}"
EndProject
Project("{FAE04EC0-301F-11D3-BF4B-00C04F79EFBC}") = "Unity.AI.Navigation.Editor.ConversionSystem", "Unity.AI.Navigation.Editor.ConversionSystem.csproj", "{48800373-39C1-0D7A-4798-A675B1B05D76}"
EndProject
Project("{FAE04EC0-301F-11D3-BF4B-00C04F79EFBC}") = "Unity.VisualScripting.State.Editor", "Unity.VisualScripting.State.Editor.csproj", "{44BA0D0B-642B-75AD-E4BC-CE2C9BBFEB8C}"
EndProject
Project("{FAE04EC0-301F-11D3-BF4B-00C04F79EFBC}") = "Unity.2D.Animation.Runtime", "Unity.2D.Animation.Runtime.csproj", "{A2432829-5DA3-8492-7C26-0AAABE94606D}"
EndProject
Project("{FAE04EC0-301F-11D3-BF4B-00C04F79EFBC}") = "Unity.Burst.CodeGen", "Unity.Burst.CodeGen.csproj", "{B646187E-053B-3C67-C5DB-6636682EF15A}"
EndProject
Project("{FAE04EC0-301F-11D3-BF4B-00C04F79EFBC}") = "Unity.2D.Tilemap.Extras", "Unity.2D.Tilemap.Extras.csproj", "{E39F1B51-CC2E-049B-F2E5-607B58DE960E}"
EndProject
Project("{FAE04EC0-301F-11D3-BF4B-00C04F79EFBC}") = "Unity.VisualScripting.State", "Unity.VisualScripting.State.csproj", "{5C1614AA-FAFE-6A9D-2D76-7D06707DC0B0}"
EndProject
Project("{FAE04EC0-301F-11D3-BF4B-00C04F79EFBC}") = "Unity.TextMeshPro", "Unity.TextMeshPro.csproj", "{7460F834-F6AD-4555-638D-F332E38E711E}"
EndProject
Project("{FAE04EC0-301F-11D3-BF4B-00C04F79EFBC}") = "Unity.2D.Aseprite.Common", "Unity.2D.Aseprite.Common.csproj", "{0EF372DD-7475-F421-A43E-B32CA3B106C0}"
EndProject
Project("{FAE04EC0-301F-11D3-BF4B-00C04F79EFBC}") = "Unity.VSCode.Editor", "Unity.VSCode.Editor.csproj", "{A97B4438-2DB0-6CC9-E173-1AECBF75060E}"
EndProject
Project("{FAE04EC0-301F-11D3-BF4B-00C04F79EFBC}") = "Unity.2D.IK.Editor", "Unity.2D.IK.Editor.csproj", "{BD4B8866-740C-81BB-B97D-8747875972FE}"
EndProject
Project("{FAE04EC0-301F-11D3-BF4B-00C04F79EFBC}") = "Unity.InternalAPIEngineBridge.001", "Unity.InternalAPIEngineBridge.001.csproj", "{1E6F180D-DA89-3AE7-217E-CE3AB5B4B2A0}"
EndProject
Project("{FAE04EC0-301F-11D3-BF4B-00C04F79EFBC}") = "Unity.Burst.Editor", "Unity.Burst.Editor.csproj", "{A1ACBEAE-5308-9076-A524-9E72E9BDE37B}"
EndProject
Project("{FAE04EC0-301F-11D3-BF4B-00C04F79EFBC}") = "Unity.2D.Common.Editor", "Unity.2D.Common.Editor.csproj", "{5F9326DB-A50D-2015-8CEB-CFF81EFE7938}"
EndProject
Project("{FAE04EC0-301F-11D3-BF4B-00C04F79EFBC}") = "Unity.AI.Navigation.Updater", "Unity.AI.Navigation.Updater.csproj", "{D415AECD-ECAB-B16C-716E-E7DA705C9051}"
EndProject
Project("{FAE04EC0-301F-11D3-BF4B-00C04F79EFBC}") = "Unity.2D.PixelPerfect", "Unity.2D.PixelPerfect.csproj", "{5E20CFF4-7CD8-3701-151B-47D16E77CDC3}"
EndProject
Project("{FAE04EC0-301F-11D3-BF4B-00C04F79EFBC}") = "Unity.2D.PixelPerfect.Editor", "Unity.2D.PixelPerfect.Editor.csproj", "{1A5AC977-C304-6C65-69EC-EA39033BBCBE}"
EndProject
Project("{FAE04EC0-301F-11D3-BF4B-00C04F79EFBC}") = "Unity.2D.Common.Runtime", "Unity.2D.Common.Runtime.csproj", "{D291D877-2611-9981-F4C2-C319C66E7C9B}"
EndProject
Project("{FAE04EC0-301F-11D3-BF4B-00C04F79EFBC}") = "Unity.Mathematics.Editor", "Unity.Mathematics.Editor.csproj", "{643FC79B-32A9-5D58-EBCA-63F5F5E9D42F}"
EndProject
Project("{FAE04EC0-301F-11D3-BF4B-00C04F79EFBC}") = "Unity.Collections.BurstCompatibilityGen", "Unity.Collections.BurstCompatibilityGen.csproj", "{13D59988-3863-C09E-F6AE-297F0E9DFE19}"
EndProject
Project("{FAE04EC0-301F-11D3-BF4B-00C04F79EFBC}") = "Unity.InternalAPIEditorBridge.005", "Unity.InternalAPIEditorBridge.005.csproj", "{C206E159-4EC6-F9AA-B948-C16A5541FB93}"
EndProject
Project("{FAE04EC0-301F-11D3-BF4B-00C04F79EFBC}") = "Unity.VisualScripting.Shared.Editor", "Unity.VisualScripting.Shared.Editor.csproj", "{C123D790-FB19-5B24-88B3-921D17910E85}"
EndProject
Project("{FAE04EC0-301F-11D3-BF4B-00C04F79EFBC}") = "Unity.Collections.DocCodeSamples", "Unity.Collections.DocCodeSamples.csproj", "{01D2355C-0196-F4BF-9225-B2AD810C209C}"
EndProject
Project("{FAE04EC0-301F-11D3-BF4B-00C04F79EFBC}") = "Unity.CollabProxy.Editor", "Unity.CollabProxy.Editor.csproj", "{116697CA-E643-1E9D-346C-9561994A9272}"
EndProject
Global
	GlobalSection(SolutionConfigurationPlatforms) = preSolution
		Debug|Any CPU = Debug|Any CPU
		Release|Any CPU = Release|Any CPU
	EndGlobalSection
	GlobalSection(ProjectConfigurationPlatforms) = postSolution
		{E4382E2D-9076-00F2-77A4-FD03921D7875}.Debug|Any CPU.ActiveCfg = Debug|Any CPU
		{E4382E2D-9076-00F2-77A4-FD03921D7875}.Debug|Any CPU.Build.0 = Debug|Any CPU
		{E4382E2D-9076-00F2-77A4-FD03921D7875}.Release|Any CPU.ActiveCfg = Release|Any CPU
		{E4382E2D-9076-00F2-77A4-FD03921D7875}.Release|Any CPU.Build.0 = Release|Any CPU
		{434A5276-8FF1-5631-8448-4F217EEB0C38}.Debug|Any CPU.ActiveCfg = Debug|Any CPU
		{434A5276-8FF1-5631-8448-4F217EEB0C38}.Debug|Any CPU.Build.0 = Debug|Any CPU
		{434A5276-8FF1-5631-8448-4F217EEB0C38}.Release|Any CPU.ActiveCfg = Release|Any CPU
		{434A5276-8FF1-5631-8448-4F217EEB0C38}.Release|Any CPU.Build.0 = Release|Any CPU
		{753D21A2-A1F1-0AAB-F271-66E8DB25093E}.Debug|Any CPU.ActiveCfg = Debug|Any CPU
		{753D21A2-A1F1-0AAB-F271-66E8DB25093E}.Debug|Any CPU.Build.0 = Debug|Any CPU
		{753D21A2-A1F1-0AAB-F271-66E8DB25093E}.Release|Any CPU.ActiveCfg = Release|Any CPU
		{753D21A2-A1F1-0AAB-F271-66E8DB25093E}.Release|Any CPU.Build.0 = Release|Any CPU
		{EFF7B898-DCF9-A6B7-5E9F-9418136181D3}.Debug|Any CPU.ActiveCfg = Debug|Any CPU
		{EFF7B898-DCF9-A6B7-5E9F-9418136181D3}.Debug|Any CPU.Build.0 = Debug|Any CPU
		{EFF7B898-DCF9-A6B7-5E9F-9418136181D3}.Release|Any CPU.ActiveCfg = Release|Any CPU
		{EFF7B898-DCF9-A6B7-5E9F-9418136181D3}.Release|Any CPU.Build.0 = Release|Any CPU
		{5BF2904C-D010-E5DD-673E-8FA066C35D7C}.Debug|Any CPU.ActiveCfg = Debug|Any CPU
		{5BF2904C-D010-E5DD-673E-8FA066C35D7C}.Debug|Any CPU.Build.0 = Debug|Any CPU
		{5BF2904C-D010-E5DD-673E-8FA066C35D7C}.Release|Any CPU.ActiveCfg = Release|Any CPU
		{5BF2904C-D010-E5DD-673E-8FA066C35D7C}.Release|Any CPU.Build.0 = Release|Any CPU
		{55226564-31E0-F01F-5BF4-09DCACE2C4F5}.Debug|Any CPU.ActiveCfg = Debug|Any CPU
		{55226564-31E0-F01F-5BF4-09DCACE2C4F5}.Debug|Any CPU.Build.0 = Debug|Any CPU
		{55226564-31E0-F01F-5BF4-09DCACE2C4F5}.Release|Any CPU.ActiveCfg = Release|Any CPU
		{55226564-31E0-F01F-5BF4-09DCACE2C4F5}.Release|Any CPU.Build.0 = Release|Any CPU
		{11AA60AF-938F-9BE4-D33F-CCBC435D16D0}.Debug|Any CPU.ActiveCfg = Debug|Any CPU
		{11AA60AF-938F-9BE4-D33F-CCBC435D16D0}.Debug|Any CPU.Build.0 = Debug|Any CPU
		{11AA60AF-938F-9BE4-D33F-CCBC435D16D0}.Release|Any CPU.ActiveCfg = Release|Any CPU
		{11AA60AF-938F-9BE4-D33F-CCBC435D16D0}.Release|Any CPU.Build.0 = Release|Any CPU
		{25663385-1EFB-ACBF-F975-394357E5C9A6}.Debug|Any CPU.ActiveCfg = Debug|Any CPU
		{25663385-1EFB-ACBF-F975-394357E5C9A6}.Debug|Any CPU.Build.0 = Debug|Any CPU
		{25663385-1EFB-ACBF-F975-394357E5C9A6}.Release|Any CPU.ActiveCfg = Release|Any CPU
		{25663385-1EFB-ACBF-F975-394357E5C9A6}.Release|Any CPU.Build.0 = Release|Any CPU
		{A2940E3C-0791-68D2-15C1-3B0F19B5B015}.Debug|Any CPU.ActiveCfg = Debug|Any CPU
		{A2940E3C-0791-68D2-15C1-3B0F19B5B015}.Debug|Any CPU.Build.0 = Debug|Any CPU
		{A2940E3C-0791-68D2-15C1-3B0F19B5B015}.Release|Any CPU.ActiveCfg = Release|Any CPU
		{A2940E3C-0791-68D2-15C1-3B0F19B5B015}.Release|Any CPU.Build.0 = Release|Any CPU
		{8D99F88B-DF24-8C44-738F-1F8A20B65CAE}.Debug|Any CPU.ActiveCfg = Debug|Any CPU
		{8D99F88B-DF24-8C44-738F-1F8A20B65CAE}.Debug|Any CPU.Build.0 = Debug|Any CPU
		{8D99F88B-DF24-8C44-738F-1F8A20B65CAE}.Release|Any CPU.ActiveCfg = Release|Any CPU
		{8D99F88B-DF24-8C44-738F-1F8A20B65CAE}.Release|Any CPU.Build.0 = Release|Any CPU
		{68A86B5A-C553-1FAE-CFC6-B430056A0545}.Debug|Any CPU.ActiveCfg = Debug|Any CPU
		{68A86B5A-C553-1FAE-CFC6-B430056A0545}.Debug|Any CPU.Build.0 = Debug|Any CPU
		{68A86B5A-C553-1FAE-CFC6-B430056A0545}.Release|Any CPU.ActiveCfg = Release|Any CPU
		{68A86B5A-C553-1FAE-CFC6-B430056A0545}.Release|Any CPU.Build.0 = Release|Any CPU
		{82A6BB10-CC54-F93C-99F8-BC49B5CC524E}.Debug|Any CPU.ActiveCfg = Debug|Any CPU
		{82A6BB10-CC54-F93C-99F8-BC49B5CC524E}.Debug|Any CPU.Build.0 = Debug|Any CPU
		{82A6BB10-CC54-F93C-99F8-BC49B5CC524E}.Release|Any CPU.ActiveCfg = Release|Any CPU
		{82A6BB10-CC54-F93C-99F8-BC49B5CC524E}.Release|Any CPU.Build.0 = Release|Any CPU
		{03CBE5AD-0377-6BB7-5535-66B2093F0105}.Debug|Any CPU.ActiveCfg = Debug|Any CPU
		{03CBE5AD-0377-6BB7-5535-66B2093F0105}.Debug|Any CPU.Build.0 = Debug|Any CPU
		{03CBE5AD-0377-6BB7-5535-66B2093F0105}.Release|Any CPU.ActiveCfg = Release|Any CPU
		{03CBE5AD-0377-6BB7-5535-66B2093F0105}.Release|Any CPU.Build.0 = Release|Any CPU
		{9334881E-8812-3335-430F-3B26B74A6DB2}.Debug|Any CPU.ActiveCfg = Debug|Any CPU
		{9334881E-8812-3335-430F-3B26B74A6DB2}.Debug|Any CPU.Build.0 = Debug|Any CPU
		{9334881E-8812-3335-430F-3B26B74A6DB2}.Release|Any CPU.ActiveCfg = Release|Any CPU
		{9334881E-8812-3335-430F-3B26B74A6DB2}.Release|Any CPU.Build.0 = Release|Any CPU
		{F66E714B-8FFE-46BE-0B3C-F493D65D9A38}.Debug|Any CPU.ActiveCfg = Debug|Any CPU
		{F66E714B-8FFE-46BE-0B3C-F493D65D9A38}.Debug|Any CPU.Build.0 = Debug|Any CPU
		{F66E714B-8FFE-46BE-0B3C-F493D65D9A38}.Release|Any CPU.ActiveCfg = Release|Any CPU
		{F66E714B-8FFE-46BE-0B3C-F493D65D9A38}.Release|Any CPU.Build.0 = Release|Any CPU
		{69DD6C7E-B7C5-5003-F165-6A0F2F432047}.Debug|Any CPU.ActiveCfg = Debug|Any CPU
		{69DD6C7E-B7C5-5003-F165-6A0F2F432047}.Debug|Any CPU.Build.0 = Debug|Any CPU
		{69DD6C7E-B7C5-5003-F165-6A0F2F432047}.Release|Any CPU.ActiveCfg = Release|Any CPU
		{69DD6C7E-B7C5-5003-F165-6A0F2F432047}.Release|Any CPU.Build.0 = Release|Any CPU
		{1CFDFD0F-0B63-3192-F468-C6F41F026911}.Debug|Any CPU.ActiveCfg = Debug|Any CPU
		{1CFDFD0F-0B63-3192-F468-C6F41F026911}.Debug|Any CPU.Build.0 = Debug|Any CPU
		{1CFDFD0F-0B63-3192-F468-C6F41F026911}.Release|Any CPU.ActiveCfg = Release|Any CPU
		{1CFDFD0F-0B63-3192-F468-C6F41F026911}.Release|Any CPU.Build.0 = Release|Any CPU
		{70A270C7-C81A-1E8C-40FC-CB52DCB88447}.Debug|Any CPU.ActiveCfg = Debug|Any CPU
		{70A270C7-C81A-1E8C-40FC-CB52DCB88447}.Debug|Any CPU.Build.0 = Debug|Any CPU
		{70A270C7-C81A-1E8C-40FC-CB52DCB88447}.Release|Any CPU.ActiveCfg = Release|Any CPU
		{70A270C7-C81A-1E8C-40FC-CB52DCB88447}.Release|Any CPU.Build.0 = Release|Any CPU
		{E3C388B1-B552-0EF8-6BEE-8C80FDE2B568}.Debug|Any CPU.ActiveCfg = Debug|Any CPU
		{E3C388B1-B552-0EF8-6BEE-8C80FDE2B568}.Debug|Any CPU.Build.0 = Debug|Any CPU
		{E3C388B1-B552-0EF8-6BEE-8C80FDE2B568}.Release|Any CPU.ActiveCfg = Release|Any CPU
		{E3C388B1-B552-0EF8-6BEE-8C80FDE2B568}.Release|Any CPU.Build.0 = Release|Any CPU
		{C734F8FE-2E64-9C68-0E2B-C1CE6E26944E}.Debug|Any CPU.ActiveCfg = Debug|Any CPU
		{C734F8FE-2E64-9C68-0E2B-C1CE6E26944E}.Debug|Any CPU.Build.0 = Debug|Any CPU
		{C734F8FE-2E64-9C68-0E2B-C1CE6E26944E}.Release|Any CPU.ActiveCfg = Release|Any CPU
		{C734F8FE-2E64-9C68-0E2B-C1CE6E26944E}.Release|Any CPU.Build.0 = Release|Any CPU
		{4D4357BF-8AF2-202E-77E6-6E9A50B91CCA}.Debug|Any CPU.ActiveCfg = Debug|Any CPU
		{4D4357BF-8AF2-202E-77E6-6E9A50B91CCA}.Debug|Any CPU.Build.0 = Debug|Any CPU
		{4D4357BF-8AF2-202E-77E6-6E9A50B91CCA}.Release|Any CPU.ActiveCfg = Release|Any CPU
		{4D4357BF-8AF2-202E-77E6-6E9A50B91CCA}.Release|Any CPU.Build.0 = Release|Any CPU
		{3C1BC181-9C11-B1B2-BE0C-CF1BB11F71E7}.Debug|Any CPU.ActiveCfg = Debug|Any CPU
		{3C1BC181-9C11-B1B2-BE0C-CF1BB11F71E7}.Debug|Any CPU.Build.0 = Debug|Any CPU
		{3C1BC181-9C11-B1B2-BE0C-CF1BB11F71E7}.Release|Any CPU.ActiveCfg = Release|Any CPU
		{3C1BC181-9C11-B1B2-BE0C-CF1BB11F71E7}.Release|Any CPU.Build.0 = Release|Any CPU
		{9A751C97-935C-201D-A534-7C4A4233BCE9}.Debug|Any CPU.ActiveCfg = Debug|Any CPU
		{9A751C97-935C-201D-A534-7C4A4233BCE9}.Debug|Any CPU.Build.0 = Debug|Any CPU
		{9A751C97-935C-201D-A534-7C4A4233BCE9}.Release|Any CPU.ActiveCfg = Release|Any CPU
		{9A751C97-935C-201D-A534-7C4A4233BCE9}.Release|Any CPU.Build.0 = Release|Any CPU
		{E2C07F54-E383-E599-5435-F0EFFCC2C3D1}.Debug|Any CPU.ActiveCfg = Debug|Any CPU
		{E2C07F54-E383-E599-5435-F0EFFCC2C3D1}.Debug|Any CPU.Build.0 = Debug|Any CPU
		{E2C07F54-E383-E599-5435-F0EFFCC2C3D1}.Release|Any CPU.ActiveCfg = Release|Any CPU
		{E2C07F54-E383-E599-5435-F0EFFCC2C3D1}.Release|Any CPU.Build.0 = Release|Any CPU
		{8AE8E7B1-97CF-ED66-2F06-DA09CF32FECC}.Debug|Any CPU.ActiveCfg = Debug|Any CPU
		{8AE8E7B1-97CF-ED66-2F06-DA09CF32FECC}.Debug|Any CPU.Build.0 = Debug|Any CPU
		{8AE8E7B1-97CF-ED66-2F06-DA09CF32FECC}.Release|Any CPU.ActiveCfg = Release|Any CPU
		{8AE8E7B1-97CF-ED66-2F06-DA09CF32FECC}.Release|Any CPU.Build.0 = Release|Any CPU
		{EC80F163-50D0-C9DF-A7DE-DD9322FA7828}.Debug|Any CPU.ActiveCfg = Debug|Any CPU
		{EC80F163-50D0-C9DF-A7DE-DD9322FA7828}.Debug|Any CPU.Build.0 = Debug|Any CPU
		{EC80F163-50D0-C9DF-A7DE-DD9322FA7828}.Release|Any CPU.ActiveCfg = Release|Any CPU
		{EC80F163-50D0-C9DF-A7DE-DD9322FA7828}.Release|Any CPU.Build.0 = Release|Any CPU
		{B255FE99-1901-2775-BB59-66DDB55568BD}.Debug|Any CPU.ActiveCfg = Debug|Any CPU
		{B255FE99-1901-2775-BB59-66DDB55568BD}.Debug|Any CPU.Build.0 = Debug|Any CPU
		{B255FE99-1901-2775-BB59-66DDB55568BD}.Release|Any CPU.ActiveCfg = Release|Any CPU
		{B255FE99-1901-2775-BB59-66DDB55568BD}.Release|Any CPU.Build.0 = Release|Any CPU
		{D25CF361-10A4-98B7-3668-5E28B01961DE}.Debug|Any CPU.ActiveCfg = Debug|Any CPU
		{D25CF361-10A4-98B7-3668-5E28B01961DE}.Debug|Any CPU.Build.0 = Debug|Any CPU
		{D25CF361-10A4-98B7-3668-5E28B01961DE}.Release|Any CPU.ActiveCfg = Release|Any CPU
		{D25CF361-10A4-98B7-3668-5E28B01961DE}.Release|Any CPU.Build.0 = Release|Any CPU
		{9C1CF6D3-6E55-8064-B84E-536868EE8D67}.Debug|Any CPU.ActiveCfg = Debug|Any CPU
		{9C1CF6D3-6E55-8064-B84E-536868EE8D67}.Debug|Any CPU.Build.0 = Debug|Any CPU
		{9C1CF6D3-6E55-8064-B84E-536868EE8D67}.Release|Any CPU.ActiveCfg = Release|Any CPU
		{9C1CF6D3-6E55-8064-B84E-536868EE8D67}.Release|Any CPU.Build.0 = Release|Any CPU
		{48800373-39C1-0D7A-4798-A675B1B05D76}.Debug|Any CPU.ActiveCfg = Debug|Any CPU
		{48800373-39C1-0D7A-4798-A675B1B05D76}.Debug|Any CPU.Build.0 = Debug|Any CPU
		{48800373-39C1-0D7A-4798-A675B1B05D76}.Release|Any CPU.ActiveCfg = Release|Any CPU
		{48800373-39C1-0D7A-4798-A675B1B05D76}.Release|Any CPU.Build.0 = Release|Any CPU
		{44BA0D0B-642B-75AD-E4BC-CE2C9BBFEB8C}.Debug|Any CPU.ActiveCfg = Debug|Any CPU
		{44BA0D0B-642B-75AD-E4BC-CE2C9BBFEB8C}.Debug|Any CPU.Build.0 = Debug|Any CPU
		{44BA0D0B-642B-75AD-E4BC-CE2C9BBFEB8C}.Release|Any CPU.ActiveCfg = Release|Any CPU
		{44BA0D0B-642B-75AD-E4BC-CE2C9BBFEB8C}.Release|Any CPU.Build.0 = Release|Any CPU
		{A2432829-5DA3-8492-7C26-0AAABE94606D}.Debug|Any CPU.ActiveCfg = Debug|Any CPU
		{A2432829-5DA3-8492-7C26-0AAABE94606D}.Debug|Any CPU.Build.0 = Debug|Any CPU
		{A2432829-5DA3-8492-7C26-0AAABE94606D}.Release|Any CPU.ActiveCfg = Release|Any CPU
		{A2432829-5DA3-8492-7C26-0AAABE94606D}.Release|Any CPU.Build.0 = Release|Any CPU
		{B646187E-053B-3C67-C5DB-6636682EF15A}.Debug|Any CPU.ActiveCfg = Debug|Any CPU
		{B646187E-053B-3C67-C5DB-6636682EF15A}.Debug|Any CPU.Build.0 = Debug|Any CPU
		{B646187E-053B-3C67-C5DB-6636682EF15A}.Release|Any CPU.ActiveCfg = Release|Any CPU
		{B646187E-053B-3C67-C5DB-6636682EF15A}.Release|Any CPU.Build.0 = Release|Any CPU
		{E39F1B51-CC2E-049B-F2E5-607B58DE960E}.Debug|Any CPU.ActiveCfg = Debug|Any CPU
		{E39F1B51-CC2E-049B-F2E5-607B58DE960E}.Debug|Any CPU.Build.0 = Debug|Any CPU
		{E39F1B51-CC2E-049B-F2E5-607B58DE960E}.Release|Any CPU.ActiveCfg = Release|Any CPU
		{E39F1B51-CC2E-049B-F2E5-607B58DE960E}.Release|Any CPU.Build.0 = Release|Any CPU
		{5C1614AA-FAFE-6A9D-2D76-7D06707DC0B0}.Debug|Any CPU.ActiveCfg = Debug|Any CPU
		{5C1614AA-FAFE-6A9D-2D76-7D06707DC0B0}.Debug|Any CPU.Build.0 = Debug|Any CPU
		{5C1614AA-FAFE-6A9D-2D76-7D06707DC0B0}.Release|Any CPU.ActiveCfg = Release|Any CPU
		{5C1614AA-FAFE-6A9D-2D76-7D06707DC0B0}.Release|Any CPU.Build.0 = Release|Any CPU
		{7460F834-F6AD-4555-638D-F332E38E711E}.Debug|Any CPU.ActiveCfg = Debug|Any CPU
		{7460F834-F6AD-4555-638D-F332E38E711E}.Debug|Any CPU.Build.0 = Debug|Any CPU
		{7460F834-F6AD-4555-638D-F332E38E711E}.Release|Any CPU.ActiveCfg = Release|Any CPU
		{7460F834-F6AD-4555-638D-F332E38E711E}.Release|Any CPU.Build.0 = Release|Any CPU
		{0EF372DD-7475-F421-A43E-B32CA3B106C0}.Debug|Any CPU.ActiveCfg = Debug|Any CPU
		{0EF372DD-7475-F421-A43E-B32CA3B106C0}.Debug|Any CPU.Build.0 = Debug|Any CPU
		{0EF372DD-7475-F421-A43E-B32CA3B106C0}.Release|Any CPU.ActiveCfg = Release|Any CPU
		{0EF372DD-7475-F421-A43E-B32CA3B106C0}.Release|Any CPU.Build.0 = Release|Any CPU
		{A97B4438-2DB0-6CC9-E173-1AECBF75060E}.Debug|Any CPU.ActiveCfg = Debug|Any CPU
		{A97B4438-2DB0-6CC9-E173-1AECBF75060E}.Debug|Any CPU.Build.0 = Debug|Any CPU
		{A97B4438-2DB0-6CC9-E173-1AECBF75060E}.Release|Any CPU.ActiveCfg = Release|Any CPU
		{A97B4438-2DB0-6CC9-E173-1AECBF75060E}.Release|Any CPU.Build.0 = Release|Any CPU
		{BD4B8866-740C-81BB-B97D-8747875972FE}.Debug|Any CPU.ActiveCfg = Debug|Any CPU
		{BD4B8866-740C-81BB-B97D-8747875972FE}.Debug|Any CPU.Build.0 = Debug|Any CPU
		{BD4B8866-740C-81BB-B97D-8747875972FE}.Release|Any CPU.ActiveCfg = Release|Any CPU
		{BD4B8866-740C-81BB-B97D-8747875972FE}.Release|Any CPU.Build.0 = Release|Any CPU
		{1E6F180D-DA89-3AE7-217E-CE3AB5B4B2A0}.Debug|Any CPU.ActiveCfg = Debug|Any CPU
		{1E6F180D-DA89-3AE7-217E-CE3AB5B4B2A0}.Debug|Any CPU.Build.0 = Debug|Any CPU
		{1E6F180D-DA89-3AE7-217E-CE3AB5B4B2A0}.Release|Any CPU.ActiveCfg = Release|Any CPU
		{1E6F180D-DA89-3AE7-217E-CE3AB5B4B2A0}.Release|Any CPU.Build.0 = Release|Any CPU
		{A1ACBEAE-5308-9076-A524-9E72E9BDE37B}.Debug|Any CPU.ActiveCfg = Debug|Any CPU
		{A1ACBEAE-5308-9076-A524-9E72E9BDE37B}.Debug|Any CPU.Build.0 = Debug|Any CPU
		{A1ACBEAE-5308-9076-A524-9E72E9BDE37B}.Release|Any CPU.ActiveCfg = Release|Any CPU
		{A1ACBEAE-5308-9076-A524-9E72E9BDE37B}.Release|Any CPU.Build.0 = Release|Any CPU
		{5F9326DB-A50D-2015-8CEB-CFF81EFE7938}.Debug|Any CPU.ActiveCfg = Debug|Any CPU
		{5F9326DB-A50D-2015-8CEB-CFF81EFE7938}.Debug|Any CPU.Build.0 = Debug|Any CPU
		{5F9326DB-A50D-2015-8CEB-CFF81EFE7938}.Release|Any CPU.ActiveCfg = Release|Any CPU
		{5F9326DB-A50D-2015-8CEB-CFF81EFE7938}.Release|Any CPU.Build.0 = Release|Any CPU
		{D415AECD-ECAB-B16C-716E-E7DA705C9051}.Debug|Any CPU.ActiveCfg = Debug|Any CPU
		{D415AECD-ECAB-B16C-716E-E7DA705C9051}.Debug|Any CPU.Build.0 = Debug|Any CPU
		{D415AECD-ECAB-B16C-716E-E7DA705C9051}.Release|Any CPU.ActiveCfg = Release|Any CPU
		{D415AECD-ECAB-B16C-716E-E7DA705C9051}.Release|Any CPU.Build.0 = Release|Any CPU
		{5E20CFF4-7CD8-3701-151B-47D16E77CDC3}.Debug|Any CPU.ActiveCfg = Debug|Any CPU
		{5E20CFF4-7CD8-3701-151B-47D16E77CDC3}.Debug|Any CPU.Build.0 = Debug|Any CPU
		{5E20CFF4-7CD8-3701-151B-47D16E77CDC3}.Release|Any CPU.ActiveCfg = Release|Any CPU
		{5E20CFF4-7CD8-3701-151B-47D16E77CDC3}.Release|Any CPU.Build.0 = Release|Any CPU
		{1A5AC977-C304-6C65-69EC-EA39033BBCBE}.Debug|Any CPU.ActiveCfg = Debug|Any CPU
		{1A5AC977-C304-6C65-69EC-EA39033BBCBE}.Debug|Any CPU.Build.0 = Debug|Any CPU
		{1A5AC977-C304-6C65-69EC-EA39033BBCBE}.Release|Any CPU.ActiveCfg = Release|Any CPU
		{1A5AC977-C304-6C65-69EC-EA39033BBCBE}.Release|Any CPU.Build.0 = Release|Any CPU
		{D291D877-2611-9981-F4C2-C319C66E7C9B}.Debug|Any CPU.ActiveCfg = Debug|Any CPU
		{D291D877-2611-9981-F4C2-C319C66E7C9B}.Debug|Any CPU.Build.0 = Debug|Any CPU
		{D291D877-2611-9981-F4C2-C319C66E7C9B}.Release|Any CPU.ActiveCfg = Release|Any CPU
		{D291D877-2611-9981-F4C2-C319C66E7C9B}.Release|Any CPU.Build.0 = Release|Any CPU
		{643FC79B-32A9-5D58-EBCA-63F5F5E9D42F}.Debug|Any CPU.ActiveCfg = Debug|Any CPU
		{643FC79B-32A9-5D58-EBCA-63F5F5E9D42F}.Debug|Any CPU.Build.0 = Debug|Any CPU
		{643FC79B-32A9-5D58-EBCA-63F5F5E9D42F}.Release|Any CPU.ActiveCfg = Release|Any CPU
		{643FC79B-32A9-5D58-EBCA-63F5F5E9D42F}.Release|Any CPU.Build.0 = Release|Any CPU
		{13D59988-3863-C09E-F6AE-297F0E9DFE19}.Debug|Any CPU.ActiveCfg = Debug|Any CPU
		{13D59988-3863-C09E-F6AE-297F0E9DFE19}.Debug|Any CPU.Build.0 = Debug|Any CPU
		{13D59988-3863-C09E-F6AE-297F0E9DFE19}.Release|Any CPU.ActiveCfg = Release|Any CPU
		{13D59988-3863-C09E-F6AE-297F0E9DFE19}.Release|Any CPU.Build.0 = Release|Any CPU
		{C206E159-4EC6-F9AA-B948-C16A5541FB93}.Debug|Any CPU.ActiveCfg = Debug|Any CPU
		{C206E159-4EC6-F9AA-B948-C16A5541FB93}.Debug|Any CPU.Build.0 = Debug|Any CPU
		{C206E159-4EC6-F9AA-B948-C16A5541FB93}.Release|Any CPU.ActiveCfg = Release|Any CPU
		{C206E159-4EC6-F9AA-B948-C16A5541FB93}.Release|Any CPU.Build.0 = Release|Any CPU
		{C123D790-FB19-5B24-88B3-921D17910E85}.Debug|Any CPU.ActiveCfg = Debug|Any CPU
		{C123D790-FB19-5B24-88B3-921D17910E85}.Debug|Any CPU.Build.0 = Debug|Any CPU
		{C123D790-FB19-5B24-88B3-921D17910E85}.Release|Any CPU.ActiveCfg = Release|Any CPU
		{C123D790-FB19-5B24-88B3-921D17910E85}.Release|Any CPU.Build.0 = Release|Any CPU
		{01D2355C-0196-F4BF-9225-B2AD810C209C}.Debug|Any CPU.ActiveCfg = Debug|Any CPU
		{01D2355C-0196-F4BF-9225-B2AD810C209C}.Debug|Any CPU.Build.0 = Debug|Any CPU
		{01D2355C-0196-F4BF-9225-B2AD810C209C}.Release|Any CPU.ActiveCfg = Release|Any CPU
		{01D2355C-0196-F4BF-9225-B2AD810C209C}.Release|Any CPU.Build.0 = Release|Any CPU
		{116697CA-E643-1E9D-346C-9561994A9272}.Debug|Any CPU.ActiveCfg = Debug|Any CPU
		{116697CA-E643-1E9D-346C-9561994A9272}.Debug|Any CPU.Build.0 = Debug|Any CPU
		{116697CA-E643-1E9D-346C-9561994A9272}.Release|Any CPU.ActiveCfg = Release|Any CPU
		{116697CA-E643-1E9D-346C-9561994A9272}.Release|Any CPU.Build.0 = Release|Any CPU
	EndGlobalSection
	GlobalSection(SolutionProperties) = preSolution
		HideSolutionNode = FALSE
	EndGlobalSection
EndGlobal
