
Microsoft Visual Studio Solution File, Format Version 12.00
# Visual Studio 15
Project("{FAE04EC0-301F-11D3-BF4B-00C04F79EFBC}") = "Unity.Timeline", "Unity.Timeline.csproj", "{F7B1E165-AE08-C043-C8FE-A6E134E5D18B}"
EndProject
Project("{FAE04EC0-301F-11D3-BF4B-00C04F79EFBC}") = "Unity.Timeline.Editor", "Unity.Timeline.Editor.csproj", "{CFAF86A9-45A1-6A74-3736-DB9EABB0F40F}"
EndProject
Project("{FAE04EC0-301F-11D3-BF4B-00C04F79EFBC}") = "Unity.TextMeshPro.Editor", "Unity.TextMeshPro.Editor.csproj", "{5A183436-6ECA-07E6-F9A4-5F1CCCA11626}"
EndProject
Project("{FAE04EC0-301F-11D3-BF4B-00C04F79EFBC}") = "Unity.2D.Aseprite.Editor", "Unity.2D.Aseprite.Editor.csproj", "{AD1204BC-6BF5-12AA-2159-FF901539D58B}"
EndProject
Project("{FAE04EC0-301F-11D3-BF4B-00C04F79EFBC}") = "Unity.VisualScripting.Flow", "Unity.VisualScripting.Flow.csproj", "{595C0615-948D-A007-FFEC-09DD5C2643FF}"
EndProject
Project("{FAE04EC0-301F-11D3-BF4B-00C04F79EFBC}") = "Unity.PlasticSCM.Editor", "Unity.PlasticSCM.Editor.csproj", "{8B1AAAD6-76C2-99BC-FF9A-4B8A419D6659}"
EndProject
Project("{FAE04EC0-301F-11D3-BF4B-00C04F79EFBC}") = "Unity.2D.Psdimporter.Editor", "Unity.2D.Psdimporter.Editor.csproj", "{70512F42-6590-5547-1CF4-96A1D23CA3EB}"
EndProject
Project("{FAE04EC0-301F-11D3-BF4B-00C04F79EFBC}") = "Unity.VisualScripting.Core", "Unity.VisualScripting.Core.csproj", "{6FA74D75-8628-25C5-9490-2293804AC18C}"
EndProject
Project("{FAE04EC0-301F-11D3-BF4B-00C04F79EFBC}") = "Unity.Mathematics", "Unity.Mathematics.csproj", "{727D4D01-2834-A6BB-F410-082B0151E8F1}"
EndProject
Project("{FAE04EC0-301F-11D3-BF4B-00C04F79EFBC}") = "Unity.2D.Animation.Editor", "Unity.2D.Animation.Editor.csproj", "{FB0186E5-9E37-C11A-3105-5E273332F170}"
EndProject
Project("{FAE04EC0-301F-11D3-BF4B-00C04F79EFBC}") = "Unity.2D.Common.Path.Editor", "Unity.2D.Common.Path.Editor.csproj", "{91B167D6-2CFB-4BEB-CADF-0644C6D34212}"
EndProject
Project("{FAE04EC0-301F-11D3-BF4B-00C04F79EFBC}") = "Unity.VisualScripting.Core.Editor", "Unity.VisualScripting.Core.Editor.csproj", "{429FCC06-E417-4B6F-F6E2-D249F50E38AB}"
EndProject
Project("{FAE04EC0-301F-11D3-BF4B-00C04F79EFBC}") = "Unity.2D.IK.Runtime", "Unity.2D.IK.Runtime.csproj", "{20DBA768-8BA5-4CE5-AAA5-50338D819A63}"
EndProject
Project("{FAE04EC0-301F-11D3-BF4B-00C04F79EFBC}") = "Unity.VisualScripting.Flow.Editor", "Unity.VisualScripting.Flow.Editor.csproj", "{FEAF803F-B034-03A8-6ADE-02857917F784}"
EndProject
Project("{FAE04EC0-301F-11D3-BF4B-00C04F79EFBC}") = "UnityEditor.TestRunner", "UnityEditor.TestRunner.csproj", "{BA02F338-D543-E06F-212E-4EF13100DE2F}"
EndProject
Project("{FAE04EC0-301F-11D3-BF4B-00C04F79EFBC}") = "Unity.VisualScripting.SettingsProvider.Editor", "Unity.VisualScripting.SettingsProvider.Editor.csproj", "{46A079E9-16F6-3FD0-777E-8A818E0EC17F}"
EndProject
Project("{FAE04EC0-301F-11D3-BF4B-00C04F79EFBC}") = "UnityEngine.TestRunner", "UnityEngine.TestRunner.csproj", "{C8F41604-411F-4556-9F6C-DE09D9426C80}"
EndProject
Project("{FAE04EC0-301F-11D3-BF4B-00C04F79EFBC}") = "PsdPlugin", "PsdPlugin.csproj", "{1AE0C6FD-5158-F72F-1F97-BBAF064BAEE4}"
EndProject
Project("{FAE04EC0-301F-11D3-BF4B-00C04F79EFBC}") = "Unity.Burst", "Unity.Burst.csproj", "{FE56439E-EB47-0E2F-2A6E-69D4D7CA577E}"
EndProject
Project("{FAE04EC0-301F-11D3-BF4B-00C04F79EFBC}") = "Unity.AI.Navigation.Editor", "Unity.AI.Navigation.Editor.csproj", "{3AC9E0BB-E8DF-D6C9-92EA-6AD8C7CB8E07}"
EndProject
Project("{FAE04EC0-301F-11D3-BF4B-00C04F79EFBC}") = "Unity.2D.SpriteShape.Editor", "Unity.2D.SpriteShape.Editor.csproj", "{02CC345F-F6A5-B50A-5982-66B5B7964B06}"
EndProject
Project("{FAE04EC0-301F-11D3-BF4B-00C04F79EFBC}") = "Unity.Collections", "Unity.Collections.csproj", "{35749FBB-AD78-1F0D-BBA1-686A6786274B}"
EndProject
Project("{FAE04EC0-301F-11D3-BF4B-00C04F79EFBC}") = "Assembly-CSharp", "Assembly-CSharp.csproj", "{CF153FE1-8001-B975-B478-556F2368F9B3}"
EndProject
Project("{FAE04EC0-301F-11D3-BF4B-00C04F79EFBC}") = "Unity.VisualStudio.Editor", "Unity.VisualStudio.Editor.csproj", "{95A7A71B-5ADB-A8B5-C971-A70E38A2C66C}"
EndProject
Project("{FAE04EC0-301F-11D3-BF4B-00C04F79EFBC}") = "Unity.2D.Tilemap.Extras.Editor", "Unity.2D.Tilemap.Extras.Editor.csproj", "{E6F70E1D-159E-8ABF-574B-B88DFB9FE927}"
EndProject
Project("{FAE04EC0-301F-11D3-BF4B-00C04F79EFBC}") = "Unity.Rider.Editor", "Unity.Rider.Editor.csproj", "{F9AEFB08-55C9-1688-CD9D-112ED492EF07}"
EndProject
Project("{FAE04EC0-301F-11D3-BF4B-00C04F79EFBC}") = "Unity.InternalAPIEditorBridge.001", "Unity.InternalAPIEditorBridge.001.csproj", "{4A483385-48D2-0A6B-B1BF-EEA96B54116A}"
EndProject
Project("{FAE04EC0-301F-11D3-BF4B-00C04F79EFBC}") = "Unity.2D.SpriteShape.Runtime", "Unity.2D.SpriteShape.Runtime.csproj", "{BF6716D1-01D2-0FD2-D72F-884404E3FDD1}"
EndProject
Project("{FAE04EC0-301F-11D3-BF4B-00C04F79EFBC}") = "Unity.AI.Navigation", "Unity.AI.Navigation.csproj", "{DA7D3FD0-5F62-7ED4-1448-8D73D7B567D1}"
EndProject
Project("{FAE04EC0-301F-11D3-BF4B-00C04F79EFBC}") = "Unity.AI.Navigation.Editor.ConversionSystem", "Unity.AI.Navigation.Editor.ConversionSystem.csproj", "{6C85039C-6D3B-F615-4F7D-CFD227A3DC8D}"
EndProject
Project("{FAE04EC0-301F-11D3-BF4B-00C04F79EFBC}") = "Unity.VisualScripting.State.Editor", "Unity.VisualScripting.State.Editor.csproj", "{B1EBCE2A-C28D-B198-11B6-CBE5679F71F6}"
EndProject
Project("{FAE04EC0-301F-11D3-BF4B-00C04F79EFBC}") = "Unity.2D.Animation.Runtime", "Unity.2D.Animation.Runtime.csproj", "{48C6B4F4-8B27-C3E6-5C97-D8A874695C27}"
EndProject
Project("{FAE04EC0-301F-11D3-BF4B-00C04F79EFBC}") = "Unity.Burst.CodeGen", "Unity.Burst.CodeGen.csproj", "{28A238D1-D2F3-5A96-F80F-574A036C6B41}"
EndProject
Project("{FAE04EC0-301F-11D3-BF4B-00C04F79EFBC}") = "Unity.2D.Tilemap.Extras", "Unity.2D.Tilemap.Extras.csproj", "{9FFD7336-9FE5-9D80-A812-7B8C73ADE01B}"
EndProject
Project("{FAE04EC0-301F-11D3-BF4B-00C04F79EFBC}") = "Unity.VisualScripting.State", "Unity.VisualScripting.State.csproj", "{C8BB66E0-3177-3475-EADF-8BA170215C9C}"
EndProject
Project("{FAE04EC0-301F-11D3-BF4B-00C04F79EFBC}") = "Unity.TextMeshPro", "Unity.TextMeshPro.csproj", "{D30E9F36-758F-F093-BC6D-9428EF1EE809}"
EndProject
Project("{FAE04EC0-301F-11D3-BF4B-00C04F79EFBC}") = "Unity.2D.Aseprite.Common", "Unity.2D.Aseprite.Common.csproj", "{D4574F41-034C-6C4E-57CA-746F8902081E}"
EndProject
Project("{FAE04EC0-301F-11D3-BF4B-00C04F79EFBC}") = "Unity.VSCode.Editor", "Unity.VSCode.Editor.csproj", "{1D8CA8CF-C7ED-B44D-796E-7BD4C81DE1F3}"
EndProject
Project("{FAE04EC0-301F-11D3-BF4B-00C04F79EFBC}") = "Unity.2D.IK.Editor", "Unity.2D.IK.Editor.csproj", "{E1B5E569-7539-A143-6A46-9BE485260B51}"
EndProject
Project("{FAE04EC0-301F-11D3-BF4B-00C04F79EFBC}") = "Unity.InternalAPIEngineBridge.001", "Unity.InternalAPIEngineBridge.001.csproj", "{B7452840-40C9-B407-7129-6D6C34F8BC82}"
EndProject
Project("{FAE04EC0-301F-11D3-BF4B-00C04F79EFBC}") = "Unity.Burst.Editor", "Unity.Burst.Editor.csproj", "{61A823A1-22F8-DDF0-F46C-4F5131667E6C}"
EndProject
Project("{FAE04EC0-301F-11D3-BF4B-00C04F79EFBC}") = "Unity.2D.Common.Editor", "Unity.2D.Common.Editor.csproj", "{F9BC97A5-EDF7-B9E5-59D9-B3E259B50871}"
EndProject
Project("{FAE04EC0-301F-11D3-BF4B-00C04F79EFBC}") = "Unity.AI.Navigation.Updater", "Unity.AI.Navigation.Updater.csproj", "{B16B46AB-7211-5E24-EB6F-55A19B9A783B}"
EndProject
Project("{FAE04EC0-301F-11D3-BF4B-00C04F79EFBC}") = "Unity.2D.PixelPerfect", "Unity.2D.PixelPerfect.csproj", "{E2C644B5-276F-982A-A17F-67649D1CD519}"
EndProject
Project("{FAE04EC0-301F-11D3-BF4B-00C04F79EFBC}") = "Unity.2D.PixelPerfect.Editor", "Unity.2D.PixelPerfect.Editor.csproj", "{8F15652D-BC30-1828-6841-A69E4ABE0B4E}"
EndProject
Project("{FAE04EC0-301F-11D3-BF4B-00C04F79EFBC}") = "Unity.2D.Common.Runtime", "Unity.2D.Common.Runtime.csproj", "{7E39227C-ABED-0823-F214-E304FE4678B5}"
EndProject
Project("{FAE04EC0-301F-11D3-BF4B-00C04F79EFBC}") = "Unity.Mathematics.Editor", "Unity.Mathematics.Editor.csproj", "{C91A4926-F51C-92B4-0ACD-56BE4995769D}"
EndProject
Project("{FAE04EC0-301F-11D3-BF4B-00C04F79EFBC}") = "Unity.Collections.BurstCompatibilityGen", "Unity.Collections.BurstCompatibilityGen.csproj", "{49817ADB-05F8-118D-461D-0F5B4A38A9B1}"
EndProject
Project("{FAE04EC0-301F-11D3-BF4B-00C04F79EFBC}") = "Unity.InternalAPIEditorBridge.005", "Unity.InternalAPIEditorBridge.005.csproj", "{EB0F00F1-E398-1BF4-AF6B-4584A624DD6D}"
EndProject
Project("{FAE04EC0-301F-11D3-BF4B-00C04F79EFBC}") = "Unity.VisualScripting.Shared.Editor", "Unity.VisualScripting.Shared.Editor.csproj", "{42ECFA6E-5D08-72FB-DA25-C7578BB05CD2}"
EndProject
Project("{FAE04EC0-301F-11D3-BF4B-00C04F79EFBC}") = "Unity.Collections.DocCodeSamples", "Unity.Collections.DocCodeSamples.csproj", "{0607EB81-EED6-C83B-C241-AD6BAF3DECCF}"
EndProject
Project("{FAE04EC0-301F-11D3-BF4B-00C04F79EFBC}") = "Unity.CollabProxy.Editor", "Unity.CollabProxy.Editor.csproj", "{17B3DA67-F9E2-FB33-2FDA-DF8DFFBD2712}"
EndProject
Global
	GlobalSection(SolutionConfigurationPlatforms) = preSolution
		Debug|Any CPU = Debug|Any CPU
		Release|Any CPU = Release|Any CPU
	EndGlobalSection
	GlobalSection(ProjectConfigurationPlatforms) = postSolution
		{F7B1E165-AE08-C043-C8FE-A6E134E5D18B}.Debug|Any CPU.ActiveCfg = Debug|Any CPU
		{F7B1E165-AE08-C043-C8FE-A6E134E5D18B}.Debug|Any CPU.Build.0 = Debug|Any CPU
		{F7B1E165-AE08-C043-C8FE-A6E134E5D18B}.Release|Any CPU.ActiveCfg = Release|Any CPU
		{F7B1E165-AE08-C043-C8FE-A6E134E5D18B}.Release|Any CPU.Build.0 = Release|Any CPU
		{CFAF86A9-45A1-6A74-3736-DB9EABB0F40F}.Debug|Any CPU.ActiveCfg = Debug|Any CPU
		{CFAF86A9-45A1-6A74-3736-DB9EABB0F40F}.Debug|Any CPU.Build.0 = Debug|Any CPU
		{CFAF86A9-45A1-6A74-3736-DB9EABB0F40F}.Release|Any CPU.ActiveCfg = Release|Any CPU
		{CFAF86A9-45A1-6A74-3736-DB9EABB0F40F}.Release|Any CPU.Build.0 = Release|Any CPU
		{5A183436-6ECA-07E6-F9A4-5F1CCCA11626}.Debug|Any CPU.ActiveCfg = Debug|Any CPU
		{5A183436-6ECA-07E6-F9A4-5F1CCCA11626}.Debug|Any CPU.Build.0 = Debug|Any CPU
		{5A183436-6ECA-07E6-F9A4-5F1CCCA11626}.Release|Any CPU.ActiveCfg = Release|Any CPU
		{5A183436-6ECA-07E6-F9A4-5F1CCCA11626}.Release|Any CPU.Build.0 = Release|Any CPU
		{AD1204BC-6BF5-12AA-2159-FF901539D58B}.Debug|Any CPU.ActiveCfg = Debug|Any CPU
		{AD1204BC-6BF5-12AA-2159-FF901539D58B}.Debug|Any CPU.Build.0 = Debug|Any CPU
		{AD1204BC-6BF5-12AA-2159-FF901539D58B}.Release|Any CPU.ActiveCfg = Release|Any CPU
		{AD1204BC-6BF5-12AA-2159-FF901539D58B}.Release|Any CPU.Build.0 = Release|Any CPU
		{595C0615-948D-A007-FFEC-09DD5C2643FF}.Debug|Any CPU.ActiveCfg = Debug|Any CPU
		{595C0615-948D-A007-FFEC-09DD5C2643FF}.Debug|Any CPU.Build.0 = Debug|Any CPU
		{595C0615-948D-A007-FFEC-09DD5C2643FF}.Release|Any CPU.ActiveCfg = Release|Any CPU
		{595C0615-948D-A007-FFEC-09DD5C2643FF}.Release|Any CPU.Build.0 = Release|Any CPU
		{8B1AAAD6-76C2-99BC-FF9A-4B8A419D6659}.Debug|Any CPU.ActiveCfg = Debug|Any CPU
		{8B1AAAD6-76C2-99BC-FF9A-4B8A419D6659}.Debug|Any CPU.Build.0 = Debug|Any CPU
		{8B1AAAD6-76C2-99BC-FF9A-4B8A419D6659}.Release|Any CPU.ActiveCfg = Release|Any CPU
		{8B1AAAD6-76C2-99BC-FF9A-4B8A419D6659}.Release|Any CPU.Build.0 = Release|Any CPU
		{70512F42-6590-5547-1CF4-96A1D23CA3EB}.Debug|Any CPU.ActiveCfg = Debug|Any CPU
		{70512F42-6590-5547-1CF4-96A1D23CA3EB}.Debug|Any CPU.Build.0 = Debug|Any CPU
		{70512F42-6590-5547-1CF4-96A1D23CA3EB}.Release|Any CPU.ActiveCfg = Release|Any CPU
		{70512F42-6590-5547-1CF4-96A1D23CA3EB}.Release|Any CPU.Build.0 = Release|Any CPU
		{6FA74D75-8628-25C5-9490-2293804AC18C}.Debug|Any CPU.ActiveCfg = Debug|Any CPU
		{6FA74D75-8628-25C5-9490-2293804AC18C}.Debug|Any CPU.Build.0 = Debug|Any CPU
		{6FA74D75-8628-25C5-9490-2293804AC18C}.Release|Any CPU.ActiveCfg = Release|Any CPU
		{6FA74D75-8628-25C5-9490-2293804AC18C}.Release|Any CPU.Build.0 = Release|Any CPU
		{727D4D01-2834-A6BB-F410-082B0151E8F1}.Debug|Any CPU.ActiveCfg = Debug|Any CPU
		{727D4D01-2834-A6BB-F410-082B0151E8F1}.Debug|Any CPU.Build.0 = Debug|Any CPU
		{727D4D01-2834-A6BB-F410-082B0151E8F1}.Release|Any CPU.ActiveCfg = Release|Any CPU
		{727D4D01-2834-A6BB-F410-082B0151E8F1}.Release|Any CPU.Build.0 = Release|Any CPU
		{FB0186E5-9E37-C11A-3105-5E273332F170}.Debug|Any CPU.ActiveCfg = Debug|Any CPU
		{FB0186E5-9E37-C11A-3105-5E273332F170}.Debug|Any CPU.Build.0 = Debug|Any CPU
		{FB0186E5-9E37-C11A-3105-5E273332F170}.Release|Any CPU.ActiveCfg = Release|Any CPU
		{FB0186E5-9E37-C11A-3105-5E273332F170}.Release|Any CPU.Build.0 = Release|Any CPU
		{91B167D6-2CFB-4BEB-CADF-0644C6D34212}.Debug|Any CPU.ActiveCfg = Debug|Any CPU
		{91B167D6-2CFB-4BEB-CADF-0644C6D34212}.Debug|Any CPU.Build.0 = Debug|Any CPU
		{91B167D6-2CFB-4BEB-CADF-0644C6D34212}.Release|Any CPU.ActiveCfg = Release|Any CPU
		{91B167D6-2CFB-4BEB-CADF-0644C6D34212}.Release|Any CPU.Build.0 = Release|Any CPU
		{429FCC06-E417-4B6F-F6E2-D249F50E38AB}.Debug|Any CPU.ActiveCfg = Debug|Any CPU
		{429FCC06-E417-4B6F-F6E2-D249F50E38AB}.Debug|Any CPU.Build.0 = Debug|Any CPU
		{429FCC06-E417-4B6F-F6E2-D249F50E38AB}.Release|Any CPU.ActiveCfg = Release|Any CPU
		{429FCC06-E417-4B6F-F6E2-D249F50E38AB}.Release|Any CPU.Build.0 = Release|Any CPU
		{20DBA768-8BA5-4CE5-AAA5-50338D819A63}.Debug|Any CPU.ActiveCfg = Debug|Any CPU
		{20DBA768-8BA5-4CE5-AAA5-50338D819A63}.Debug|Any CPU.Build.0 = Debug|Any CPU
		{20DBA768-8BA5-4CE5-AAA5-50338D819A63}.Release|Any CPU.ActiveCfg = Release|Any CPU
		{20DBA768-8BA5-4CE5-AAA5-50338D819A63}.Release|Any CPU.Build.0 = Release|Any CPU
		{FEAF803F-B034-03A8-6ADE-02857917F784}.Debug|Any CPU.ActiveCfg = Debug|Any CPU
		{FEAF803F-B034-03A8-6ADE-02857917F784}.Debug|Any CPU.Build.0 = Debug|Any CPU
		{FEAF803F-B034-03A8-6ADE-02857917F784}.Release|Any CPU.ActiveCfg = Release|Any CPU
		{FEAF803F-B034-03A8-6ADE-02857917F784}.Release|Any CPU.Build.0 = Release|Any CPU
		{BA02F338-D543-E06F-212E-4EF13100DE2F}.Debug|Any CPU.ActiveCfg = Debug|Any CPU
		{BA02F338-D543-E06F-212E-4EF13100DE2F}.Debug|Any CPU.Build.0 = Debug|Any CPU
		{BA02F338-D543-E06F-212E-4EF13100DE2F}.Release|Any CPU.ActiveCfg = Release|Any CPU
		{BA02F338-D543-E06F-212E-4EF13100DE2F}.Release|Any CPU.Build.0 = Release|Any CPU
		{46A079E9-16F6-3FD0-777E-8A818E0EC17F}.Debug|Any CPU.ActiveCfg = Debug|Any CPU
		{46A079E9-16F6-3FD0-777E-8A818E0EC17F}.Debug|Any CPU.Build.0 = Debug|Any CPU
		{46A079E9-16F6-3FD0-777E-8A818E0EC17F}.Release|Any CPU.ActiveCfg = Release|Any CPU
		{46A079E9-16F6-3FD0-777E-8A818E0EC17F}.Release|Any CPU.Build.0 = Release|Any CPU
		{C8F41604-411F-4556-9F6C-DE09D9426C80}.Debug|Any CPU.ActiveCfg = Debug|Any CPU
		{C8F41604-411F-4556-9F6C-DE09D9426C80}.Debug|Any CPU.Build.0 = Debug|Any CPU
		{C8F41604-411F-4556-9F6C-DE09D9426C80}.Release|Any CPU.ActiveCfg = Release|Any CPU
		{C8F41604-411F-4556-9F6C-DE09D9426C80}.Release|Any CPU.Build.0 = Release|Any CPU
		{1AE0C6FD-5158-F72F-1F97-BBAF064BAEE4}.Debug|Any CPU.ActiveCfg = Debug|Any CPU
		{1AE0C6FD-5158-F72F-1F97-BBAF064BAEE4}.Debug|Any CPU.Build.0 = Debug|Any CPU
		{1AE0C6FD-5158-F72F-1F97-BBAF064BAEE4}.Release|Any CPU.ActiveCfg = Release|Any CPU
		{1AE0C6FD-5158-F72F-1F97-BBAF064BAEE4}.Release|Any CPU.Build.0 = Release|Any CPU
		{FE56439E-EB47-0E2F-2A6E-69D4D7CA577E}.Debug|Any CPU.ActiveCfg = Debug|Any CPU
		{FE56439E-EB47-0E2F-2A6E-69D4D7CA577E}.Debug|Any CPU.Build.0 = Debug|Any CPU
		{FE56439E-EB47-0E2F-2A6E-69D4D7CA577E}.Release|Any CPU.ActiveCfg = Release|Any CPU
		{FE56439E-EB47-0E2F-2A6E-69D4D7CA577E}.Release|Any CPU.Build.0 = Release|Any CPU
		{3AC9E0BB-E8DF-D6C9-92EA-6AD8C7CB8E07}.Debug|Any CPU.ActiveCfg = Debug|Any CPU
		{3AC9E0BB-E8DF-D6C9-92EA-6AD8C7CB8E07}.Debug|Any CPU.Build.0 = Debug|Any CPU
		{3AC9E0BB-E8DF-D6C9-92EA-6AD8C7CB8E07}.Release|Any CPU.ActiveCfg = Release|Any CPU
		{3AC9E0BB-E8DF-D6C9-92EA-6AD8C7CB8E07}.Release|Any CPU.Build.0 = Release|Any CPU
		{02CC345F-F6A5-B50A-5982-66B5B7964B06}.Debug|Any CPU.ActiveCfg = Debug|Any CPU
		{02CC345F-F6A5-B50A-5982-66B5B7964B06}.Debug|Any CPU.Build.0 = Debug|Any CPU
		{02CC345F-F6A5-B50A-5982-66B5B7964B06}.Release|Any CPU.ActiveCfg = Release|Any CPU
		{02CC345F-F6A5-B50A-5982-66B5B7964B06}.Release|Any CPU.Build.0 = Release|Any CPU
		{35749FBB-AD78-1F0D-BBA1-686A6786274B}.Debug|Any CPU.ActiveCfg = Debug|Any CPU
		{35749FBB-AD78-1F0D-BBA1-686A6786274B}.Debug|Any CPU.Build.0 = Debug|Any CPU
		{35749FBB-AD78-1F0D-BBA1-686A6786274B}.Release|Any CPU.ActiveCfg = Release|Any CPU
		{35749FBB-AD78-1F0D-BBA1-686A6786274B}.Release|Any CPU.Build.0 = Release|Any CPU
		{CF153FE1-8001-B975-B478-556F2368F9B3}.Debug|Any CPU.ActiveCfg = Debug|Any CPU
		{CF153FE1-8001-B975-B478-556F2368F9B3}.Debug|Any CPU.Build.0 = Debug|Any CPU
		{CF153FE1-8001-B975-B478-556F2368F9B3}.Release|Any CPU.ActiveCfg = Release|Any CPU
		{CF153FE1-8001-B975-B478-556F2368F9B3}.Release|Any CPU.Build.0 = Release|Any CPU
		{95A7A71B-5ADB-A8B5-C971-A70E38A2C66C}.Debug|Any CPU.ActiveCfg = Debug|Any CPU
		{95A7A71B-5ADB-A8B5-C971-A70E38A2C66C}.Debug|Any CPU.Build.0 = Debug|Any CPU
		{95A7A71B-5ADB-A8B5-C971-A70E38A2C66C}.Release|Any CPU.ActiveCfg = Release|Any CPU
		{95A7A71B-5ADB-A8B5-C971-A70E38A2C66C}.Release|Any CPU.Build.0 = Release|Any CPU
		{E6F70E1D-159E-8ABF-574B-B88DFB9FE927}.Debug|Any CPU.ActiveCfg = Debug|Any CPU
		{E6F70E1D-159E-8ABF-574B-B88DFB9FE927}.Debug|Any CPU.Build.0 = Debug|Any CPU
		{E6F70E1D-159E-8ABF-574B-B88DFB9FE927}.Release|Any CPU.ActiveCfg = Release|Any CPU
		{E6F70E1D-159E-8ABF-574B-B88DFB9FE927}.Release|Any CPU.Build.0 = Release|Any CPU
		{F9AEFB08-55C9-1688-CD9D-112ED492EF07}.Debug|Any CPU.ActiveCfg = Debug|Any CPU
		{F9AEFB08-55C9-1688-CD9D-112ED492EF07}.Debug|Any CPU.Build.0 = Debug|Any CPU
		{F9AEFB08-55C9-1688-CD9D-112ED492EF07}.Release|Any CPU.ActiveCfg = Release|Any CPU
		{F9AEFB08-55C9-1688-CD9D-112ED492EF07}.Release|Any CPU.Build.0 = Release|Any CPU
		{4A483385-48D2-0A6B-B1BF-EEA96B54116A}.Debug|Any CPU.ActiveCfg = Debug|Any CPU
		{4A483385-48D2-0A6B-B1BF-EEA96B54116A}.Debug|Any CPU.Build.0 = Debug|Any CPU
		{4A483385-48D2-0A6B-B1BF-EEA96B54116A}.Release|Any CPU.ActiveCfg = Release|Any CPU
		{4A483385-48D2-0A6B-B1BF-EEA96B54116A}.Release|Any CPU.Build.0 = Release|Any CPU
		{BF6716D1-01D2-0FD2-D72F-884404E3FDD1}.Debug|Any CPU.ActiveCfg = Debug|Any CPU
		{BF6716D1-01D2-0FD2-D72F-884404E3FDD1}.Debug|Any CPU.Build.0 = Debug|Any CPU
		{BF6716D1-01D2-0FD2-D72F-884404E3FDD1}.Release|Any CPU.ActiveCfg = Release|Any CPU
		{BF6716D1-01D2-0FD2-D72F-884404E3FDD1}.Release|Any CPU.Build.0 = Release|Any CPU
		{DA7D3FD0-5F62-7ED4-1448-8D73D7B567D1}.Debug|Any CPU.ActiveCfg = Debug|Any CPU
		{DA7D3FD0-5F62-7ED4-1448-8D73D7B567D1}.Debug|Any CPU.Build.0 = Debug|Any CPU
		{DA7D3FD0-5F62-7ED4-1448-8D73D7B567D1}.Release|Any CPU.ActiveCfg = Release|Any CPU
		{DA7D3FD0-5F62-7ED4-1448-8D73D7B567D1}.Release|Any CPU.Build.0 = Release|Any CPU
		{6C85039C-6D3B-F615-4F7D-CFD227A3DC8D}.Debug|Any CPU.ActiveCfg = Debug|Any CPU
		{6C85039C-6D3B-F615-4F7D-CFD227A3DC8D}.Debug|Any CPU.Build.0 = Debug|Any CPU
		{6C85039C-6D3B-F615-4F7D-CFD227A3DC8D}.Release|Any CPU.ActiveCfg = Release|Any CPU
		{6C85039C-6D3B-F615-4F7D-CFD227A3DC8D}.Release|Any CPU.Build.0 = Release|Any CPU
		{B1EBCE2A-C28D-B198-11B6-CBE5679F71F6}.Debug|Any CPU.ActiveCfg = Debug|Any CPU
		{B1EBCE2A-C28D-B198-11B6-CBE5679F71F6}.Debug|Any CPU.Build.0 = Debug|Any CPU
		{B1EBCE2A-C28D-B198-11B6-CBE5679F71F6}.Release|Any CPU.ActiveCfg = Release|Any CPU
		{B1EBCE2A-C28D-B198-11B6-CBE5679F71F6}.Release|Any CPU.Build.0 = Release|Any CPU
		{48C6B4F4-8B27-C3E6-5C97-D8A874695C27}.Debug|Any CPU.ActiveCfg = Debug|Any CPU
		{48C6B4F4-8B27-C3E6-5C97-D8A874695C27}.Debug|Any CPU.Build.0 = Debug|Any CPU
		{48C6B4F4-8B27-C3E6-5C97-D8A874695C27}.Release|Any CPU.ActiveCfg = Release|Any CPU
		{48C6B4F4-8B27-C3E6-5C97-D8A874695C27}.Release|Any CPU.Build.0 = Release|Any CPU
		{28A238D1-D2F3-5A96-F80F-574A036C6B41}.Debug|Any CPU.ActiveCfg = Debug|Any CPU
		{28A238D1-D2F3-5A96-F80F-574A036C6B41}.Debug|Any CPU.Build.0 = Debug|Any CPU
		{28A238D1-D2F3-5A96-F80F-574A036C6B41}.Release|Any CPU.ActiveCfg = Release|Any CPU
		{28A238D1-D2F3-5A96-F80F-574A036C6B41}.Release|Any CPU.Build.0 = Release|Any CPU
		{9FFD7336-9FE5-9D80-A812-7B8C73ADE01B}.Debug|Any CPU.ActiveCfg = Debug|Any CPU
		{9FFD7336-9FE5-9D80-A812-7B8C73ADE01B}.Debug|Any CPU.Build.0 = Debug|Any CPU
		{9FFD7336-9FE5-9D80-A812-7B8C73ADE01B}.Release|Any CPU.ActiveCfg = Release|Any CPU
		{9FFD7336-9FE5-9D80-A812-7B8C73ADE01B}.Release|Any CPU.Build.0 = Release|Any CPU
		{C8BB66E0-3177-3475-EADF-8BA170215C9C}.Debug|Any CPU.ActiveCfg = Debug|Any CPU
		{C8BB66E0-3177-3475-EADF-8BA170215C9C}.Debug|Any CPU.Build.0 = Debug|Any CPU
		{C8BB66E0-3177-3475-EADF-8BA170215C9C}.Release|Any CPU.ActiveCfg = Release|Any CPU
		{C8BB66E0-3177-3475-EADF-8BA170215C9C}.Release|Any CPU.Build.0 = Release|Any CPU
		{D30E9F36-758F-F093-BC6D-9428EF1EE809}.Debug|Any CPU.ActiveCfg = Debug|Any CPU
		{D30E9F36-758F-F093-BC6D-9428EF1EE809}.Debug|Any CPU.Build.0 = Debug|Any CPU
		{D30E9F36-758F-F093-BC6D-9428EF1EE809}.Release|Any CPU.ActiveCfg = Release|Any CPU
		{D30E9F36-758F-F093-BC6D-9428EF1EE809}.Release|Any CPU.Build.0 = Release|Any CPU
		{D4574F41-034C-6C4E-57CA-746F8902081E}.Debug|Any CPU.ActiveCfg = Debug|Any CPU
		{D4574F41-034C-6C4E-57CA-746F8902081E}.Debug|Any CPU.Build.0 = Debug|Any CPU
		{D4574F41-034C-6C4E-57CA-746F8902081E}.Release|Any CPU.ActiveCfg = Release|Any CPU
		{D4574F41-034C-6C4E-57CA-746F8902081E}.Release|Any CPU.Build.0 = Release|Any CPU
		{1D8CA8CF-C7ED-B44D-796E-7BD4C81DE1F3}.Debug|Any CPU.ActiveCfg = Debug|Any CPU
		{1D8CA8CF-C7ED-B44D-796E-7BD4C81DE1F3}.Debug|Any CPU.Build.0 = Debug|Any CPU
		{1D8CA8CF-C7ED-B44D-796E-7BD4C81DE1F3}.Release|Any CPU.ActiveCfg = Release|Any CPU
		{1D8CA8CF-C7ED-B44D-796E-7BD4C81DE1F3}.Release|Any CPU.Build.0 = Release|Any CPU
		{E1B5E569-7539-A143-6A46-9BE485260B51}.Debug|Any CPU.ActiveCfg = Debug|Any CPU
		{E1B5E569-7539-A143-6A46-9BE485260B51}.Debug|Any CPU.Build.0 = Debug|Any CPU
		{E1B5E569-7539-A143-6A46-9BE485260B51}.Release|Any CPU.ActiveCfg = Release|Any CPU
		{E1B5E569-7539-A143-6A46-9BE485260B51}.Release|Any CPU.Build.0 = Release|Any CPU
		{B7452840-40C9-B407-7129-6D6C34F8BC82}.Debug|Any CPU.ActiveCfg = Debug|Any CPU
		{B7452840-40C9-B407-7129-6D6C34F8BC82}.Debug|Any CPU.Build.0 = Debug|Any CPU
		{B7452840-40C9-B407-7129-6D6C34F8BC82}.Release|Any CPU.ActiveCfg = Release|Any CPU
		{B7452840-40C9-B407-7129-6D6C34F8BC82}.Release|Any CPU.Build.0 = Release|Any CPU
		{61A823A1-22F8-DDF0-F46C-4F5131667E6C}.Debug|Any CPU.ActiveCfg = Debug|Any CPU
		{61A823A1-22F8-DDF0-F46C-4F5131667E6C}.Debug|Any CPU.Build.0 = Debug|Any CPU
		{61A823A1-22F8-DDF0-F46C-4F5131667E6C}.Release|Any CPU.ActiveCfg = Release|Any CPU
		{61A823A1-22F8-DDF0-F46C-4F5131667E6C}.Release|Any CPU.Build.0 = Release|Any CPU
		{F9BC97A5-EDF7-B9E5-59D9-B3E259B50871}.Debug|Any CPU.ActiveCfg = Debug|Any CPU
		{F9BC97A5-EDF7-B9E5-59D9-B3E259B50871}.Debug|Any CPU.Build.0 = Debug|Any CPU
		{F9BC97A5-EDF7-B9E5-59D9-B3E259B50871}.Release|Any CPU.ActiveCfg = Release|Any CPU
		{F9BC97A5-EDF7-B9E5-59D9-B3E259B50871}.Release|Any CPU.Build.0 = Release|Any CPU
		{B16B46AB-7211-5E24-EB6F-55A19B9A783B}.Debug|Any CPU.ActiveCfg = Debug|Any CPU
		{B16B46AB-7211-5E24-EB6F-55A19B9A783B}.Debug|Any CPU.Build.0 = Debug|Any CPU
		{B16B46AB-7211-5E24-EB6F-55A19B9A783B}.Release|Any CPU.ActiveCfg = Release|Any CPU
		{B16B46AB-7211-5E24-EB6F-55A19B9A783B}.Release|Any CPU.Build.0 = Release|Any CPU
		{E2C644B5-276F-982A-A17F-67649D1CD519}.Debug|Any CPU.ActiveCfg = Debug|Any CPU
		{E2C644B5-276F-982A-A17F-67649D1CD519}.Debug|Any CPU.Build.0 = Debug|Any CPU
		{E2C644B5-276F-982A-A17F-67649D1CD519}.Release|Any CPU.ActiveCfg = Release|Any CPU
		{E2C644B5-276F-982A-A17F-67649D1CD519}.Release|Any CPU.Build.0 = Release|Any CPU
		{8F15652D-BC30-1828-6841-A69E4ABE0B4E}.Debug|Any CPU.ActiveCfg = Debug|Any CPU
		{8F15652D-BC30-1828-6841-A69E4ABE0B4E}.Debug|Any CPU.Build.0 = Debug|Any CPU
		{8F15652D-BC30-1828-6841-A69E4ABE0B4E}.Release|Any CPU.ActiveCfg = Release|Any CPU
		{8F15652D-BC30-1828-6841-A69E4ABE0B4E}.Release|Any CPU.Build.0 = Release|Any CPU
		{7E39227C-ABED-0823-F214-E304FE4678B5}.Debug|Any CPU.ActiveCfg = Debug|Any CPU
		{7E39227C-ABED-0823-F214-E304FE4678B5}.Debug|Any CPU.Build.0 = Debug|Any CPU
		{7E39227C-ABED-0823-F214-E304FE4678B5}.Release|Any CPU.ActiveCfg = Release|Any CPU
		{7E39227C-ABED-0823-F214-E304FE4678B5}.Release|Any CPU.Build.0 = Release|Any CPU
		{C91A4926-F51C-92B4-0ACD-56BE4995769D}.Debug|Any CPU.ActiveCfg = Debug|Any CPU
		{C91A4926-F51C-92B4-0ACD-56BE4995769D}.Debug|Any CPU.Build.0 = Debug|Any CPU
		{C91A4926-F51C-92B4-0ACD-56BE4995769D}.Release|Any CPU.ActiveCfg = Release|Any CPU
		{C91A4926-F51C-92B4-0ACD-56BE4995769D}.Release|Any CPU.Build.0 = Release|Any CPU
		{49817ADB-05F8-118D-461D-0F5B4A38A9B1}.Debug|Any CPU.ActiveCfg = Debug|Any CPU
		{49817ADB-05F8-118D-461D-0F5B4A38A9B1}.Debug|Any CPU.Build.0 = Debug|Any CPU
		{49817ADB-05F8-118D-461D-0F5B4A38A9B1}.Release|Any CPU.ActiveCfg = Release|Any CPU
		{49817ADB-05F8-118D-461D-0F5B4A38A9B1}.Release|Any CPU.Build.0 = Release|Any CPU
		{EB0F00F1-E398-1BF4-AF6B-4584A624DD6D}.Debug|Any CPU.ActiveCfg = Debug|Any CPU
		{EB0F00F1-E398-1BF4-AF6B-4584A624DD6D}.Debug|Any CPU.Build.0 = Debug|Any CPU
		{EB0F00F1-E398-1BF4-AF6B-4584A624DD6D}.Release|Any CPU.ActiveCfg = Release|Any CPU
		{EB0F00F1-E398-1BF4-AF6B-4584A624DD6D}.Release|Any CPU.Build.0 = Release|Any CPU
		{42ECFA6E-5D08-72FB-DA25-C7578BB05CD2}.Debug|Any CPU.ActiveCfg = Debug|Any CPU
		{42ECFA6E-5D08-72FB-DA25-C7578BB05CD2}.Debug|Any CPU.Build.0 = Debug|Any CPU
		{42ECFA6E-5D08-72FB-DA25-C7578BB05CD2}.Release|Any CPU.ActiveCfg = Release|Any CPU
		{42ECFA6E-5D08-72FB-DA25-C7578BB05CD2}.Release|Any CPU.Build.0 = Release|Any CPU
		{0607EB81-EED6-C83B-C241-AD6BAF3DECCF}.Debug|Any CPU.ActiveCfg = Debug|Any CPU
		{0607EB81-EED6-C83B-C241-AD6BAF3DECCF}.Debug|Any CPU.Build.0 = Debug|Any CPU
		{0607EB81-EED6-C83B-C241-AD6BAF3DECCF}.Release|Any CPU.ActiveCfg = Release|Any CPU
		{0607EB81-EED6-C83B-C241-AD6BAF3DECCF}.Release|Any CPU.Build.0 = Release|Any CPU
		{17B3DA67-F9E2-FB33-2FDA-DF8DFFBD2712}.Debug|Any CPU.ActiveCfg = Debug|Any CPU
		{17B3DA67-F9E2-FB33-2FDA-DF8DFFBD2712}.Debug|Any CPU.Build.0 = Debug|Any CPU
		{17B3DA67-F9E2-FB33-2FDA-DF8DFFBD2712}.Release|Any CPU.ActiveCfg = Release|Any CPU
		{17B3DA67-F9E2-FB33-2FDA-DF8DFFBD2712}.Release|Any CPU.Build.0 = Release|Any CPU
	EndGlobalSection
	GlobalSection(SolutionProperties) = preSolution
		HideSolutionNode = FALSE
	EndGlobalSection
EndGlobal
